
Microsoft Visual Studio Solution File, Format Version 12.00
# Visual Studio 15
VisualStudioVersion = 15.0.28307.1209
MinimumVisualStudioVersion = 10.0.40219.1
Project("{FAE04EC0-301F-11D3-BF4B-00C04F79EFBC}") = "GameWinningDrive", "..\GameWinningDrive\GameWinningDrive.csproj", "{21DF72FA-A24F-4EFB-86E2-4CFD96716D64}"
EndProject
Global
	GlobalSection(SolutionConfigurationPlatforms) = preSolution
		Debug|Any CPU = Debug|Any CPU
		Release|Any CPU = Release|Any CPU
	EndGlobalSection
	GlobalSection(ProjectConfigurationPlatforms) = postSolution
		{21DF72FA-A24F-4EFB-86E2-4CFD96716D64}.Debug|Any CPU.ActiveCfg = Debug|Any CPU
		{21DF72FA-A24F-4EFB-86E2-4CFD96716D64}.Debug|Any CPU.Build.0 = Debug|Any CPU
		{21DF72FA-A24F-4EFB-86E2-4CFD96716D64}.Release|Any CPU.ActiveCfg = Release|Any CPU
		{21DF72FA-A24F-4EFB-86E2-4CFD96716D64}.Release|Any CPU.Build.0 = Release|Any CPU
	EndGlobalSection
	GlobalSection(SolutionProperties) = preSolution
		HideSolutionNode = FALSE
	EndGlobalSection
	GlobalSection(ExtensibilityGlobals) = postSolution
		SolutionGuid = {0C58A757-3FFE-4ABA-877A-67272016ACF5}
	EndGlobalSection
EndGlobal
